
Microsoft Visual Studio Solution File, Format Version 12.00
# Visual Studio Version 16
VisualStudioVersion = 16.0.30621.155
MinimumVisualStudioVersion = 10.0.40219.1
Project("{FAE04EC0-301F-11D3-BF4B-00C04F79EFBC}") = "TaskMangerServivios", "TaskMangerServivios\TaskMangerServivios.csproj", "{B2758586-B67C-40AF-9A95-0638041A35A0}"
EndProject
Global
	GlobalSection(SolutionConfigurationPlatforms) = preSolution
		Debug|Any CPU = Debug|Any CPU
		Release|Any CPU = Release|Any CPU
	EndGlobalSection
	GlobalSection(ProjectConfigurationPlatforms) = postSolution
		{B2758586-B67C-40AF-9A95-0638041A35A0}.Debug|Any CPU.ActiveCfg = Debug|Any CPU
		{B2758586-B67C-40AF-9A95-0638041A35A0}.Debug|Any CPU.Build.0 = Debug|Any CPU
		{B2758586-B67C-40AF-9A95-0638041A35A0}.Release|Any CPU.ActiveCfg = Release|Any CPU
		{B2758586-B67C-40AF-9A95-0638041A35A0}.Release|Any CPU.Build.0 = Release|Any CPU
	EndGlobalSection
	GlobalSection(SolutionProperties) = preSolution
		HideSolutionNode = FALSE
	EndGlobalSection
	GlobalSection(ExtensibilityGlobals) = postSolution
		SolutionGuid = {0A3E5DB6-0313-4A20-899F-775901603AFB}
	EndGlobalSection
EndGlobal
